
Microsoft Visual Studio Solution File, Format Version 12.00
# Visual Studio Version 17
VisualStudioVersion = 17.6.33829.357
MinimumVisualStudioVersion = 10.0.40219.1
Project("{FAE04EC0-301F-11D3-BF4B-00C04F79EFBC}") = "BaiThucHanhBuoi1", "BaiThucHanhBuoi1\BaiThucHanhBuoi1.csproj", "{F2427BF8-1151-4C97-B1A9-DB12907CD5BB}"
EndProject
Project("{FAE04EC0-301F-11D3-BF4B-00C04F79EFBC}") = "Bai2", "Bai2\Bai2.csproj", "{2EC97F03-A045-4B72-98FD-437B9B6FBD58}"
EndProject
Project("{FAE04EC0-301F-11D3-BF4B-00C04F79EFBC}") = "BaiTapThietKeForm", "BaiTapThietKeForm\BaiTapThietKeForm.csproj", "{B8F3E366-6389-4B6B-AC59-FE36E529DCBF}"
EndProject
Global
	GlobalSection(SolutionConfigurationPlatforms) = preSolution
		Debug|Any CPU = Debug|Any CPU
		Release|Any CPU = Release|Any CPU
	EndGlobalSection
	GlobalSection(ProjectConfigurationPlatforms) = postSolution
		{F2427BF8-1151-4C97-B1A9-DB12907CD5BB}.Debug|Any CPU.ActiveCfg = Debug|Any CPU
		{F2427BF8-1151-4C97-B1A9-DB12907CD5BB}.Debug|Any CPU.Build.0 = Debug|Any CPU
		{F2427BF8-1151-4C97-B1A9-DB12907CD5BB}.Release|Any CPU.ActiveCfg = Release|Any CPU
		{F2427BF8-1151-4C97-B1A9-DB12907CD5BB}.Release|Any CPU.Build.0 = Release|Any CPU
		{2EC97F03-A045-4B72-98FD-437B9B6FBD58}.Debug|Any CPU.ActiveCfg = Debug|Any CPU
		{2EC97F03-A045-4B72-98FD-437B9B6FBD58}.Debug|Any CPU.Build.0 = Debug|Any CPU
		{2EC97F03-A045-4B72-98FD-437B9B6FBD58}.Release|Any CPU.ActiveCfg = Release|Any CPU
		{2EC97F03-A045-4B72-98FD-437B9B6FBD58}.Release|Any CPU.Build.0 = Release|Any CPU
		{B8F3E366-6389-4B6B-AC59-FE36E529DCBF}.Debug|Any CPU.ActiveCfg = Debug|Any CPU
		{B8F3E366-6389-4B6B-AC59-FE36E529DCBF}.Debug|Any CPU.Build.0 = Debug|Any CPU
		{B8F3E366-6389-4B6B-AC59-FE36E529DCBF}.Release|Any CPU.ActiveCfg = Release|Any CPU
		{B8F3E366-6389-4B6B-AC59-FE36E529DCBF}.Release|Any CPU.Build.0 = Release|Any CPU
	EndGlobalSection
	GlobalSection(SolutionProperties) = preSolution
		HideSolutionNode = FALSE
	EndGlobalSection
	GlobalSection(ExtensibilityGlobals) = postSolution
		SolutionGuid = {D08E399A-7378-48BD-A180-23F02A7D6874}
	EndGlobalSection
EndGlobal
